{
    "_meta": {
        "hash": {
            "sha256": "47fde392d42566add8cbc9f1036f770c97056203078ef4a6ccaab93534ae93b3"
        },
        "pipfile-spec": 6,
        "requires": {
            "python_version": "3.8"
        },
        "sources": [
            {
                "name": "pypi",
                "url": "https://pypi.org/simple",
                "verify_ssl": true
            }
        ]
    },
    "default": {
        "argcomplete": {
            "hashes": [
                "sha256:291f0beca7fd49ce285d2f10e4c1c77e9460cf823eef2de54df0c0fec88b0d81",
                "sha256:2c7dbffd8c045ea534921e63b0be6fe65e88599990d8dc408ac8c542b72a5445"
            ],
            "index": "pypi",
            "version": "==1.12.3"
        },
        "boto3": {
            "hashes": [
                "sha256:853cf4b2136c4deec4e01a17b89126377bfca30223535795d879ca65af4c4a69",
                "sha256:a8ad13a23745b6d4a56d5bdde53a7a80cd7b40016cd411b9a94e6bbfb2ca5dd2"
            ],
            "index": "pypi",
            "version": "==1.26.13"
        },
        "botocore": {
            "hashes": [
                "sha256:9c73a180fad9a7da7797530ced3b5069872bff915b1ae9fa11fc1ed79b584c8e",
                "sha256:9d39db398f472c0aa97098870c8c4cf12636b2667a18e694fea5fae046af907e"
            ],
            "markers": "python_version >= '3.7'",
            "version": "==1.29.13"
        },
        "configparser": {
            "hashes": [
                "sha256:8be267824b541c09b08db124917f48ab525a6c3e837011f3130781a224c57090",
                "sha256:b065779fd93c6bf4cee42202fa4351b4bb842e96a3fb469440e484517a49b9fa"
            ],
            "index": "pypi",
            "version": "==5.3.0"
        },
        "dataclasses": {
            "hashes": [
                "sha256:3f20420c953ecf4c4df68f3aaee48dea69a87935aaeceffce1176b5366b08f1e",
                "sha256:7127de1976d5c6d4f374c9826aefe6564b612690a60ca957cbd5c64483326dc1"
            ],
            "index": "pypi",
            "version": "==0.5"
        },
        "inquirerpy": {
            "hashes": [
                "sha256:89d2ada0111f337483cb41ae31073108b2ec1e618a49d7110b0d7ade89fc197e",
                "sha256:c65fdfbac1fa00e3ee4fb10679f4d3ed7a012abf4833910e63c295827fe2a7d4"
            ],
            "index": "pypi",
            "version": "==0.3.4"
        },
        "jmespath": {
            "hashes": [
                "sha256:02e2e4cc71b5bcab88332eebf907519190dd9e6e82107fa7f83b1003a6252980",
                "sha256:90261b206d6defd58fdd5e85f478bf633a2901798906be2ad389150c5c60edbe"
            ],
            "markers": "python_version >= '3.7'",
            "version": "==1.0.1"
        },
        "pfzy": {
            "hashes": [
                "sha256:5f50d5b2b3207fa72e7ec0ef08372ef652685470974a107d0d4999fc5a903a96",
                "sha256:717ea765dd10b63618e7298b2d98efd819e0b30cd5905c9707223dceeb94b3f1"
            ],
            "markers": "python_version >= '3.7' and python_version < '4.0'",
            "version": "==0.3.4"
        },
        "prettytable": {
            "hashes": [
                "sha256:0d23ff81e165077d93367e1379d97893c7a51541483d25bad45b9647660ef06f",
                "sha256:7d7dd84d0b206f2daac4471a72f299d6907f34516064feb2838e333a4e2567bd"
            ],
            "index": "pypi",
            "version": "==3.4.1"
        },
        "prompt-toolkit": {
            "hashes": [
                "sha256:24becda58d49ceac4dc26232eb179ef2b21f133fecda7eed6018d341766ed76e",
                "sha256:e7f2129cba4ff3b3656bbdda0e74ee00d2f874a8bcdb9dd16f5fec7b3e173cae"
            ],
            "index": "pypi",
            "version": "==3.0.32"
        },
        "python-dateutil": {
            "hashes": [
                "sha256:0123cacc1627ae19ddf3c27a5de5bd67ee4586fbdd6440d9748f8abb483d3e86",
                "sha256:961d03dc3453ebbc59dbdea9e4e11c5651520a876d0f4db161e8674aae935da9"
            ],
            "markers": "python_version >= '2.7' and python_version not in '3.0, 3.1, 3.2, 3.3'",
            "version": "==2.8.2"
        },
        "s3transfer": {
            "hashes": [
                "sha256:06176b74f3a15f61f1b4f25a1fc29a4429040b7647133a463da8fa5bd28d5ecd",
                "sha256:2ed07d3866f523cc561bf4a00fc5535827981b117dd7876f036b0c1aca42c947"
            ],
            "markers": "python_version >= '3.7'",
            "version": "==0.6.0"
        },
        "six": {
            "hashes": [
                "sha256:1e61c37477a1626458e36f7b1d82aa5c9b094fa4802892072e49de9c60c4c926",
                "sha256:8abb2f1d86890a2dfb989f9a77cfcfd3e47c2a354b01111771326f8aa26e0254"
            ],
            "markers": "python_version >= '2.7' and python_version not in '3.0, 3.1, 3.2, 3.3'",
            "version": "==1.16.0"
        },
        "urllib3": {
            "hashes": [
                "sha256:3fa96cf423e6987997fc326ae8df396db2a8b7c667747d47ddd8ecba91f4a74e",
                "sha256:b930dd878d5a8afb066a637fbb35144fe7901e3b209d1cd4f524bd0e9deee997"
            ],
            "markers": "python_version >= '2.7' and python_version not in '3.0, 3.1, 3.2, 3.3, 3.4, 3.5' and python_version < '4'",
            "version": "==1.26.12"
        },
        "wcwidth": {
            "hashes": [
                "sha256:beb4802a9cebb9144e99086eff703a642a13d6a0052920003a230f3294bbe784",
                "sha256:c4d647b99872929fdb7bdcaa4fbe7f01413ed3d98077df798530e5b04f116c83"
            ],
            "version": "==0.2.5"
        }
    },
    "develop": {}
}
